Microsoft Visual Studio Solution File, Format Version 11.00
# Visual Studio 2008

Project("{3494D7B2-D7EE-9018-3371-653E9E174E07}") = "fpvflyer", "Assembly-CSharp-firstpass.csproj", "{1F304645-A636-37D7-B849-D966B16D942C}"
EndProject
Project("{3494D7B2-D7EE-9018-3371-653E9E174E07}") = "fpvflyer", "Assembly-CSharp.csproj", "{CEB35D91-D1FD-1B74-8671-ADAFA3231BD7}"
EndProject
Project("{3494D7B2-D7EE-9018-3371-653E9E174E07}") = "fpvflyer", "Assembly-UnityScript-firstpass.unityproj", "{866E5A4B-6D95-44FB-7184-0259B5D569AD}"
EndProject
Project("{3494D7B2-D7EE-9018-3371-653E9E174E07}") = "fpvflyer", "Assembly-UnityScript.unityproj", "{4D3D1D50-7B0D-F365-3B4D-86D7599D998E}"
EndProject
Global
	GlobalSection(SolutionConfigurationPlatforms) = preSolution
		Debug|Any CPU = Debug|Any CPU
		Release|Any CPU = Release|Any CPU
	EndGlobalSection
	GlobalSection(ProjectConfigurationPlatforms) = postSolution
		{1F304645-A636-37D7-B849-D966B16D942C}.Debug|Any CPU.ActiveCfg = Debug|Any CPU
		{1F304645-A636-37D7-B849-D966B16D942C}.Debug|Any CPU.Build.0 = Debug|Any CPU
		{1F304645-A636-37D7-B849-D966B16D942C}.Release|Any CPU.ActiveCfg = Release|Any CPU
		{1F304645-A636-37D7-B849-D966B16D942C}.Release|Any CPU.Build.0 = Release|Any CPU
		{CEB35D91-D1FD-1B74-8671-ADAFA3231BD7}.Debug|Any CPU.ActiveCfg = Debug|Any CPU
		{CEB35D91-D1FD-1B74-8671-ADAFA3231BD7}.Debug|Any CPU.Build.0 = Debug|Any CPU
		{CEB35D91-D1FD-1B74-8671-ADAFA3231BD7}.Release|Any CPU.ActiveCfg = Release|Any CPU
		{CEB35D91-D1FD-1B74-8671-ADAFA3231BD7}.Release|Any CPU.Build.0 = Release|Any CPU
		{866E5A4B-6D95-44FB-7184-0259B5D569AD}.Debug|Any CPU.ActiveCfg = Debug|Any CPU
		{866E5A4B-6D95-44FB-7184-0259B5D569AD}.Debug|Any CPU.Build.0 = Debug|Any CPU
		{866E5A4B-6D95-44FB-7184-0259B5D569AD}.Release|Any CPU.ActiveCfg = Release|Any CPU
		{866E5A4B-6D95-44FB-7184-0259B5D569AD}.Release|Any CPU.Build.0 = Release|Any CPU
		{4D3D1D50-7B0D-F365-3B4D-86D7599D998E}.Debug|Any CPU.ActiveCfg = Debug|Any CPU
		{4D3D1D50-7B0D-F365-3B4D-86D7599D998E}.Debug|Any CPU.Build.0 = Debug|Any CPU
		{4D3D1D50-7B0D-F365-3B4D-86D7599D998E}.Release|Any CPU.ActiveCfg = Release|Any CPU
		{4D3D1D50-7B0D-F365-3B4D-86D7599D998E}.Release|Any CPU.Build.0 = Release|Any CPU
	EndGlobalSection
	GlobalSection(SolutionProperties) = preSolution
		HideSolutionNode = FALSE
	EndGlobalSection
																						GlobalSection(MonoDevelopProperties) = preSolution
		StartupItem = Assembly-CSharp.csproj
		Policies = $0
		$0.TextStylePolicy = $1
		$1.inheritsSet = null
		$1.scope = text/x-csharp
		$0.CSharpFormattingPolicy = $2
		$2.inheritsSet = Mono
		$2.inheritsScope = text/x-csharp
		$2.scope = text/x-csharp
		$0.TextStylePolicy = $3
		$3.FileWidth = 120
		$3.TabWidth = 4
		$3.EolMarker = Unix
		$3.inheritsSet = Mono
		$3.inheritsScope = text/plain
		$3.scope = text/plain
	EndGlobalSection

EndGlobal
